
Microsoft Visual Studio Solution File, Format Version 12.00
# Visual Studio 15
VisualStudioVersion = 15.0.28307.1705
MinimumVisualStudioVersion = 10.0.40219.1
Project("{8BC9CEB8-8B4A-11D0-8D11-00A0C91BC942}") = "AudioTransform2", "AudioTransform2\AudioTransform2.vcxproj", "{F29196C3-15B8-494A-9730-2751A5C0EAD7}"
EndProject
Project("{8BC9CEB8-8B4A-11D0-8D11-00A0C91BC942}") = "testAudioDll", "testAudioDll\testAudioDll.vcxproj", "{7ACC8BAA-9937-4DD9-AAA4-AE5D071B4E5F}"
EndProject
Global
	GlobalSection(SolutionConfigurationPlatforms) = preSolution
		Debug|x64 = Debug|x64
		Debug|x86 = Debug|x86
		Release|x64 = Release|x64
		Release|x86 = Release|x86
	EndGlobalSection
	GlobalSection(ProjectConfigurationPlatforms) = postSolution
		{F29196C3-15B8-494A-9730-2751A5C0EAD7}.Debug|x64.ActiveCfg = Debug|x64
		{F29196C3-15B8-494A-9730-2751A5C0EAD7}.Debug|x64.Build.0 = Debug|x64
		{F29196C3-15B8-494A-9730-2751A5C0EAD7}.Debug|x86.ActiveCfg = Debug|Win32
		{F29196C3-15B8-494A-9730-2751A5C0EAD7}.Debug|x86.Build.0 = Debug|Win32
		{F29196C3-15B8-494A-9730-2751A5C0EAD7}.Release|x64.ActiveCfg = Release|x64
		{F29196C3-15B8-494A-9730-2751A5C0EAD7}.Release|x64.Build.0 = Release|x64
		{F29196C3-15B8-494A-9730-2751A5C0EAD7}.Release|x86.ActiveCfg = Release|Win32
		{F29196C3-15B8-494A-9730-2751A5C0EAD7}.Release|x86.Build.0 = Release|Win32
		{7ACC8BAA-9937-4DD9-AAA4-AE5D071B4E5F}.Debug|x64.ActiveCfg = Debug|x64
		{7ACC8BAA-9937-4DD9-AAA4-AE5D071B4E5F}.Debug|x64.Build.0 = Debug|x64
		{7ACC8BAA-9937-4DD9-AAA4-AE5D071B4E5F}.Debug|x86.ActiveCfg = Debug|Win32
		{7ACC8BAA-9937-4DD9-AAA4-AE5D071B4E5F}.Debug|x86.Build.0 = Debug|Win32
		{7ACC8BAA-9937-4DD9-AAA4-AE5D071B4E5F}.Release|x64.ActiveCfg = Release|x64
		{7ACC8BAA-9937-4DD9-AAA4-AE5D071B4E5F}.Release|x64.Build.0 = Release|x64
		{7ACC8BAA-9937-4DD9-AAA4-AE5D071B4E5F}.Release|x86.ActiveCfg = Release|Win32
		{7ACC8BAA-9937-4DD9-AAA4-AE5D071B4E5F}.Release|x86.Build.0 = Release|Win32
	EndGlobalSection
	GlobalSection(SolutionProperties) = preSolution
		HideSolutionNode = FALSE
	EndGlobalSection
	GlobalSection(ExtensibilityGlobals) = postSolution
		SolutionGuid = {635CB83A-41CC-4A14-BB78-A1D0072E4816}
	EndGlobalSection
EndGlobal
